// !$*UTF8*$!
{
	archiveVersion = 1;
	classes = {
	};
	objectVersion = 48;
	objects = {

/* Begin PBXBuildFile section */
		9C3266D41FCF67F40082469F /* AppDelegate.m in Sources */ = {isa = PBXBuildFile; fileRef = 9C3266D31FCF67F40082469F /* AppDelegate.m */; };
		9C3266D71FCF67F40082469F /* ViewController.m in Sources */ = {isa = PBXBuildFile; fileRef = 9C3266D61FCF67F40082469F /* ViewController.m */; };
		9C3266DA1FCF67F40082469F /* Main.storyboard in Resources */ = {isa = PBXBuildFile; fileRef = 9C3266D81FCF67F40082469F /* Main.storyboard */; };
		9C3266DC1FCF67F40082469F /* Assets.xcassets in Resources */ = {isa = PBXBuildFile; fileRef = 9C3266DB1FCF67F40082469F /* Assets.xcassets */; };
		9C3266DF1FCF67F40082469F /* LaunchScreen.storyboard in Resources */ = {isa = PBXBuildFile; fileRef = 9C3266DD1FCF67F40082469F /* LaunchScreen.storyboard */; };
		9C3266E21FCF67F40082469F /* main.m in Sources */ = {isa = PBXBuildFile; fileRef = 9C3266E11FCF67F40082469F /* main.m */; };
		9C3266EB1FCF6ECE0082469F /* TableCellTableViewCell.m in Sources */ = {isa = PBXBuildFile; fileRef = 9C3266EA1FCF6ECE0082469F /* TableCellTableViewCell.m */; };
/* End PBXBuildFile section */

/* Begin PBXFileReference section */
		9C3266CF1FCF67F40082469F /* TableviewButtonDelegateProj.app */ = {isa = PBXFileReference; explicitFileType = wrapper.application; includeInIndex = 0; path = TableviewButtonDelegateProj.app; sourceTree = BUILT_PRODUCTS_DIR; };
		9C3266D21FCF67F40082469F /* AppDelegate.h */ = {isa = PBXFileReference; lastKnownFileType = sourcecode.c.h; path = AppDelegate.h; sourceTree = "<group>"; };
		9C3266D31FCF67F40082469F /* AppDelegate.m */ = {isa = PBXFileReference; lastKnownFileType = sourcecode.c.objc; path = AppDelegate.m; sourceTree = "<group>"; };
		9C3266D51FCF67F40082469F /* ViewController.h */ = {isa = PBXFileReference; lastKnownFileType = sourcecode.c.h; path = ViewController.h; sourceTree = "<group>"; };
		9C3266D61FCF67F40082469F /* ViewController.m */ = {isa = PBXFileReference; lastKnownFileType = sourcecode.c.objc; path = ViewController.m; sourceTree = "<group>"; };
		9C3266D91FCF67F40082469F /* Base */ = {isa = PBXFileReference; lastKnownFileType = file.storyboard; name = Base; path = Base.lproj/Main.storyboard; sourceTree = "<group>"; };
		9C3266DB1FCF67F40082469F /* Assets.xcassets */ = {isa = PBXFileReference; lastKnownFileType = folder.assetcatalog; path = Assets.xcassets; sourceTree = "<group>"; };
		9C3266DE1FCF67F40082469F /* Base */ = {isa = PBXFileReference; lastKnownFileType = file.storyboard; name = Base; path = Base.lproj/LaunchScreen.storyboard; sourceTree = "<group>"; };
		9C3266E01FCF67F40082469F /* Info.plist */ = {isa = PBXFileReference; lastKnownFileType = text.plist.xml; path = Info.plist; sourceTree = "<group>"; };
		9C3266E11FCF67F40082469F /* main.m */ = {isa = PBXFileReference; lastKnownFileType = sourcecode.c.objc; path = main.m; sourceTree = "<group>"; };
		9C3266E91FCF6ECE0082469F /* TableCellTableViewCell.h */ = {isa = PBXFileReference; lastKnownFileType = sourcecode.c.h; path = TableCellTableViewCell.h; sourceTree = "<group>"; };
		9C3266EA1FCF6ECE0082469F /* TableCellTableViewCell.m */ = {isa = PBXFileReference; lastKnownFileType = sourcecode.c.objc; path = TableCellTableViewCell.m; sourceTree = "<group>"; };
/* End PBXFileReference section */

/* Begin PBXFrameworksBuildPhase section */
		9C3266CC1FCF67F40082469F /* Frameworks */ = {
			isa = PBXFrameworksBuildPhase;
			buildActionMask = 2147483647;
			files = (
			);
			runOnlyForDeploymentPostprocessing = 0;
		};
/* End PBXFrameworksBuildPhase section */

/* Begin PBXGroup section */
		9C3266C61FCF67F40082469F = {
			isa = PBXGroup;
			children = (
				9C3266D11FCF67F40082469F /* TableviewTest */,
				9C3266D01FCF67F40082469F /* Products */,
			);
			sourceTree = "<group>";
		};
		9C3266D01FCF67F40082469F /* Products */ = {
			isa = PBXGroup;
			children = (
				9C3266CF1FCF67F40082469F /* TableviewButtonDelegateProj.app */,
			);
			name = Products;
			sourceTree = "<group>";
		};
		9C3266D11FCF67F40082469F /* TableviewTest */ = {
			isa = PBXGroup;
			children = (
				9C3266E81FCF6DB90082469F /* Cell */,
				9C3266D21FCF67F40082469F /* AppDelegate.h */,
				9C3266D31FCF67F40082469F /* AppDelegate.m */,
				9C3266D51FCF67F40082469F /* ViewController.h */,
				9C3266D61FCF67F40082469F /* ViewController.m */,
				9C3266D81FCF67F40082469F /* Main.storyboard */,
				9C3266DB1FCF67F40082469F /* Assets.xcassets */,
				9C3266DD1FCF67F40082469F /* LaunchScreen.storyboard */,
				9C3266E01FCF67F40082469F /* Info.plist */,
				9C3266E11FCF67F40082469F /* main.m */,
			);
			path = TableviewTest;
			sourceTree = "<group>";
		};
		9C3266E81FCF6DB90082469F /* Cell */ = {
			isa = PBXGroup;
			children = (
				9C3266E91FCF6ECE0082469F /* TableCellTableViewCell.h */,
				9C3266EA1FCF6ECE0082469F /* TableCellTableViewCell.m */,
			);
			path = Cell;
			sourceTree = "<group>";
		};
/* End PBXGroup section */

/* Begin PBXNativeTarget section */
		9C3266CE1FCF67F40082469F /* TableviewButtonDelegateProj */ = {
			isa = PBXNativeTarget;
			buildConfigurationList = 9C3266E51FCF67F40082469F /* Build configuration list for PBXNativeTarget "TableviewButtonDelegateProj" */;
			buildPhases = (
				9C3266CB1FCF67F40082469F /* Sources */,
				9C3266CC1FCF67F40082469F /* Frameworks */,
				9C3266CD1FCF67F40082469F /* Resources */,
			);
			buildRules = (
			);
			dependencies = (
			);
			name = TableviewButtonDelegateProj;
			productName = TableviewTest;
			productReference = 9C3266CF1FCF67F40082469F /* TableviewButtonDelegateProj.app */;
			productType = "com.apple.product-type.application";
		};
/* End PBXNativeTarget section */

/* Begin PBXProject section */
		9C3266C71FCF67F40082469F /* Project object */ = {
			isa = PBXProject;
			attributes = {
				LastUpgradeCheck = 0910;
				ORGANIZATIONNAME = None;
				TargetAttributes = {
					9C3266CE1FCF67F40082469F = {
						CreatedOnToolsVersion = 9.1;
						ProvisioningStyle = Manual;
					};
				};
			};
			buildConfigurationList = 9C3266CA1FCF67F40082469F /* Build configuration list for PBXProject "TableviewButtonDelegateProj" */;
			compatibilityVersion = "Xcode 8.0";
			developmentRegion = en;
			hasScannedForEncodings = 0;
			knownRegions = (
				en,
				Base,
			);
			mainGroup = 9C3266C61FCF67F40082469F;
			productRefGroup = 9C3266D01FCF67F40082469F /* Products */;
			projectDirPath = "";
			projectRoot = "";
			targets = (
				9C3266CE1FCF67F40082469F /* TableviewButtonDelegateProj */,
			);
		};
/* End PBXProject section */

/* Begin PBXResourcesBuildPhase section */
		9C3266CD1FCF67F40082469F /* Resources */ = {
			isa = PBXResourcesBuildPhase;
			buildActionMask = 2147483647;
			files = (
				9C3266DF1FCF67F40082469F /* LaunchScreen.storyboard in Resources */,
				9C3266DC1FCF67F40082469F /* Assets.xcassets in Resources */,
				9C3266DA1FCF67F40082469F /* Main.storyboard in Resources */,
			);
			runOnlyForDeploymentPostprocessing = 0;
		};
/* End PBXResourcesBuildPhase section */

/* Begin PBXSourcesBuildPhase section */
		9C3266CB1FCF67F40082469F /* Sources */ = {
			isa = PBXSourcesBuildPhase;
			buildActionMask = 2147483647;
			files = (
				9C3266D71FCF67F40082469F /* ViewController.m in Sources */,
				9C3266E21FCF67F40082469F /* main.m in Sources */,
				9C3266EB1FCF6ECE0082469F /* TableCellTableViewCell.m in Sources */,
				9C3266D41FCF67F40082469F /* AppDelegate.m in Sources */,
			);
			runOnlyForDeploymentPostprocessing = 0;
		};
/* End PBXSourcesBuildPhase section */

/* Begin PBXVariantGroup section */
		9C3266D81FCF67F40082469F /* Main.storyboard */ = {
			isa = PBXVariantGroup;
			children = (
				9C3266D91FCF67F40082469F /* Base */,
			);
			name = Main.storyboard;
			sourceTree = "<group>";
		};
		9C3266DD1FCF67F40082469F /* LaunchScreen.storyboard */ = {
			isa = PBXVariantGroup;
			children = (
				9C3266DE1FCF67F40082469F /* Base */,
			);
			name = LaunchScreen.storyboard;
			sourceTree = "<group>";
		};
/* End PBXVariantGroup section */

/* Begin XCBuildConfiguration section */
		9C3266E31FCF67F40082469F /* Debug */ = {
			isa = XCBuildConfiguration;
			buildSettings = {
				ALWAYS_SEARCH_USER_PATHS = NO;
				CLANG_ANALYZER_NONNULL = YES;
				CLANG_ANALYZER_NUMBER_OBJECT_CONVERSION = YES_AGGRESSIVE;
				CLANG_CXX_LANGUAGE_STANDARD = "gnu++14";
				CLANG_CXX_LIBRARY = "libc++";
				CLANG_ENABLE_MODULES = YES;
				CLANG_ENABLE_OBJC_ARC = YES;
				CLANG_WARN_BLOCK_CAPTURE_AUTORELEASING = YES;
				CLANG_WARN_BOOL_CONVERSION = YES;
				CLANG_WARN_COMMA = YES;
				CLANG_WARN_CONSTANT_CONVERSION = YES;
				CLANG_WARN_DIRECT_OBJC_ISA_USAGE = YES_ERROR;
				CLANG_WARN_DOCUMENTATION_COMMENTS = YES;
				CLANG_WARN_EMPTY_BODY = YES;
				CLANG_WARN_ENUM_CONVERSION = YES;
				CLANG_WARN_INFINITE_RECURSION = YES;
				CLANG_WARN_INT_CONVERSION = YES;
				CLANG_WARN_NON_LITERAL_NULL_CONVERSION = YES;
				CLANG_WARN_OBJC_LITERAL_CONVERSION = YES;
				CLANG_WARN_OBJC_ROOT_CLASS = YES_ERROR;
				CLANG_WARN_RANGE_LOOP_ANALYSIS = YES;
				CLANG_WARN_STRICT_PROTOTYPES = YES;
				CLANG_WARN_SUSPICIOUS_MOVE = YES;
				CLANG_WARN_UNGUARDED_AVAILABILITY = YES_AGGRESSIVE;
				CLANG_WARN_UNREACHABLE_CODE = YES;
				CLANG_WARN__DUPLICATE_METHOD_MATCH = YES;
				CODE_SIGN_IDENTITY = "iPhone Developer";
				COPY_PHASE_STRIP = NO;
				DEBUG_INFORMATION_FORMAT = dwarf;
				ENABLE_STRICT_OBJC_MSGSEND = YES;
				ENABLE_TESTABILITY = YES;
				GCC_C_LANGUAGE_STANDARD = gnu11;
				GCC_DYNAMIC_NO_PIC = NO;
				GCC_NO_COMMON_BLOCKS = YES;
				GCC_OPTIMIZATION_LEVEL = 0;
				GCC_PREPROCESSOR_DEFINITIONS = (
					"DEBUG=1",
					"$(inherited)",
				);
				GCC_WARN_64_TO_32_BIT_CONVERSION = YES;
				GCC_WARN_ABOUT_RETURN_TYPE = YES_ERROR;
				GCC_WARN_UNDECLARED_SELECTOR = YES;
				GCC_WARN_UNINITIALIZED_AUTOS = YES_AGGRESSIVE;
				GCC_WARN_UNUSED_FUNCTION = YES;
				GCC_WARN_UNUSED_VARIABLE = YES;
				IPHONEOS_DEPLOYMENT_TARGET = 11.1;
				MTL_ENABLE_DEBUG_INFO = YES;
				ONLY_ACTIVE_ARCH = YES;
				SDKROOT = iphoneos;
			};
			name = Debug;
		};
		9C3266E41FCF67F40082469F /* Release */ = {
			isa = XCBuildConfiguration;
			buildSettings = {
				ALWAYS_SEARCH_USER_PATHS = NO;
				CLANG_ANALYZER_NONNULL = YES;
				CLANG_ANALYZER_NUMBER_OBJECT_CONVERSION = YES_AGGRESSIVE;
				CLANG_CXX_LANGUAGE_STANDARD = "gnu++14";
				CLANG_CXX_LIBRARY = "libc++";
				CLANG_ENABLE_MODULES = YES;
				CLANG_ENABLE_OBJC_ARC = YES;
				CLANG_WARN_BLOCK_CAPTURE_AUTORELEASING = YES;
				CLANG_WARN_BOOL_CONVERSION = YES;
				CLANG_WARN_COMMA = YES;
				CLANG_WARN_CONSTANT_CONVERSION = YES;
				CLANG_WARN_DIRECT_OBJC_ISA_USAGE = YES_ERROR;
				CLANG_WARN_DOCUMENTATION_COMMENTS = YES;
				CLANG_WARN_EMPTY_BODY = YES;
				CLANG_WARN_ENUM_CONVERSION = YES;
				CLANG_WARN_INFINITE_RECURSION = YES;
				CLANG_WARN_INT_CONVERSION = YES;
				CLANG_WARN_NON_LITERAL_NULL_CONVERSION = YES;
				CLANG_WARN_OBJC_LITERAL_CONVERSION = YES;
				CLANG_WARN_OBJC_ROOT_CLASS = YES_ERROR;
				CLANG_WARN_RANGE_LOOP_ANALYSIS = YES;
				CLANG_WARN_STRICT_PROTOTYPES = YES;
				CLANG_WARN_SUSPICIOUS_MOVE = YES;
				CLANG_WARN_UNGUARDED_AVAILABILITY = YES_AGGRESSIVE;
				CLANG_WARN_UNREACHABLE_CODE = YES;
				CLANG_WARN__DUPLICATE_METHOD_MATCH = YES;
				CODE_SIGN_IDENTITY = "iPhone Developer";
				COPY_PHASE_STRIP = NO;
				DEBUG_INFORMATION_FORMAT = "dwarf-with-dsym";
				ENABLE_NS_ASSERTIONS = NO;
				ENABLE_STRICT_OBJC_MSGSEND = YES;
				GCC_C_LANGUAGE_STANDARD = gnu11;
				GCC_NO_COMMON_BLOCKS = YES;
				GCC_WARN_64_TO_32_BIT_CONVERSION = YES;
				GCC_WARN_ABOUT_RETURN_TYPE = YES_ERROR;
				GCC_WARN_UNDECLARED_SELECTOR = YES;
				GCC_WARN_UNINITIALIZED_AUTOS = YES_AGGRESSIVE;
				GCC_WARN_UNUSED_FUNCTION = YES;
				GCC_WARN_UNUSED_VARIABLE = YES;
				IPHONEOS_DEPLOYMENT_TARGET = 11.1;
				MTL_ENABLE_DEBUG_INFO = NO;
				SDKROOT = iphoneos;
				VALIDATE_PRODUCT = YES;
			};
			name = Release;
		};
		9C3266E61FCF67F40082469F /* Debug */ = {
			isa = XCBuildConfiguration;
			buildSettings = {
				ASSETCATALOG_COMPILER_APPICON_NAME = AppIcon;
				CODE_SIGN_STYLE = Manual;
				DEVELOPMENT_TEAM = "";
				INFOPLIST_FILE = TableviewTest/Info.plist;
				LD_RUNPATH_SEARCH_PATHS = "$(inherited) @executable_path/Frameworks";
				PRODUCT_BUNDLE_IDENTIFIER = com.vvcopp.TableviewButtonDelegateProj;
				PRODUCT_NAME = "$(TARGET_NAME)";
				PROVISIONING_PROFILE_SPECIFIER = "";
				TARGETED_DEVICE_FAMILY = "1,2";
			};
			name = Debug;
		};
		9C3266E71FCF67F40082469F /* Release */ = {
			isa = XCBuildConfiguration;
			buildSettings = {
				ASSETCATALOG_COMPILER_APPICON_NAME = AppIcon;
				CODE_SIGN_STYLE = Manual;
				DEVELOPMENT_TEAM = "";
				INFOPLIST_FILE = TableviewTest/Info.plist;
				LD_RUNPATH_SEARCH_PATHS = "$(inherited) @executable_path/Frameworks";
				PRODUCT_BUNDLE_IDENTIFIER = com.vvcopp.TableviewButtonDelegateProj;
				PRODUCT_NAME = "$(TARGET_NAME)";
				PROVISIONING_PROFILE_SPECIFIER = "";
				TARGETED_DEVICE_FAMILY = "1,2";
			};
			name = Release;
		};
/* End XCBuildConfiguration section */

/* Begin XCConfigurationList section */
		9C3266CA1FCF67F40082469F /* Build configuration list for PBXProject "TableviewButtonDelegateProj" */ = {
			isa = XCConfigurationList;
			buildConfigurations = (
				9C3266E31FCF67F40082469F /* Debug */,
				9C3266E41FCF67F40082469F /* Release */,
			);
			defaultConfigurationIsVisible = 0;
			defaultConfigurationName = Release;
		};
		9C3266E51FCF67F40082469F /* Build configuration list for PBXNativeTarget "TableviewButtonDelegateProj" */ = {
			isa = XCConfigurationList;
			buildConfigurations = (
				9C3266E61FCF67F40082469F /* Debug */,
				9C3266E71FCF67F40082469F /* Release */,
			);
			defaultConfigurationIsVisible = 0;
			defaultConfigurationName = Release;
		};
/* End XCConfigurationList section */
	};
	rootObject = 9C3266C71FCF67F40082469F /* Project object */;
}
